
Microsoft Visual Studio Solution File, Format Version 12.00
# Visual Studio Version 17
VisualStudioVersion = 17.14.36511.14
MinimumVisualStudioVersion = 10.0.40219.1
Project("{FAE04EC0-301F-11D3-BF4B-00C04F79EFBC}") = "MiLogica", "MiLogica\MiLogica.csproj", "{CB0B4677-6168-4DFB-A5D8-1402C93AC6E0}"
EndProject
Project("{FAE04EC0-301F-11D3-BF4B-00C04F79EFBC}") = "Datos", "Datos\Datos.csproj", "{789D1F0D-5E0D-4243-A40F-939470747DDA}"
EndProject
Project("{FAE04EC0-301F-11D3-BF4B-00C04F79EFBC}") = "MiLogicaTests", "MiLogicaTests\MiLogicaTests.csproj", "{CCDBC807-1AF1-45E1-93FF-312A1E3F7307}"
EndProject
Project("{FAE04EC0-301F-11D3-BF4B-00C04F79EFBC}") = "www1", "www1\www1.csproj", "{82574EB2-0836-443D-A88E-0A31EB84F839}"
EndProject
Project("{FAE04EC0-301F-11D3-BF4B-00C04F79EFBC}") = "www1Tests2", "www1Tests2\www1Tests2.csproj", "{EFBBB351-23B9-47A4-94A9-1B4F85B0C211}"
EndProject
Project("{FAE04EC0-301F-11D3-BF4B-00C04F79EFBC}") = "DatosTests", "DatosTests\DatosTests.csproj", "{23B2EF54-1F99-47CD-92C9-B4F09E70EFED}"
EndProject
Global
	GlobalSection(SolutionConfigurationPlatforms) = preSolution
		Debug|Any CPU = Debug|Any CPU
		Release|Any CPU = Release|Any CPU
	EndGlobalSection
	GlobalSection(ProjectConfigurationPlatforms) = postSolution
		{CB0B4677-6168-4DFB-A5D8-1402C93AC6E0}.Debug|Any CPU.ActiveCfg = Debug|Any CPU
		{CB0B4677-6168-4DFB-A5D8-1402C93AC6E0}.Debug|Any CPU.Build.0 = Debug|Any CPU
		{CB0B4677-6168-4DFB-A5D8-1402C93AC6E0}.Release|Any CPU.ActiveCfg = Release|Any CPU
		{CB0B4677-6168-4DFB-A5D8-1402C93AC6E0}.Release|Any CPU.Build.0 = Release|Any CPU
		{789D1F0D-5E0D-4243-A40F-939470747DDA}.Debug|Any CPU.ActiveCfg = Debug|Any CPU
		{789D1F0D-5E0D-4243-A40F-939470747DDA}.Debug|Any CPU.Build.0 = Debug|Any CPU
		{789D1F0D-5E0D-4243-A40F-939470747DDA}.Release|Any CPU.ActiveCfg = Release|Any CPU
		{789D1F0D-5E0D-4243-A40F-939470747DDA}.Release|Any CPU.Build.0 = Release|Any CPU
		{CCDBC807-1AF1-45E1-93FF-312A1E3F7307}.Debug|Any CPU.ActiveCfg = Debug|Any CPU
		{CCDBC807-1AF1-45E1-93FF-312A1E3F7307}.Debug|Any CPU.Build.0 = Debug|Any CPU
		{CCDBC807-1AF1-45E1-93FF-312A1E3F7307}.Release|Any CPU.ActiveCfg = Release|Any CPU
		{CCDBC807-1AF1-45E1-93FF-312A1E3F7307}.Release|Any CPU.Build.0 = Release|Any CPU
		{82574EB2-0836-443D-A88E-0A31EB84F839}.Debug|Any CPU.ActiveCfg = Debug|Any CPU
		{82574EB2-0836-443D-A88E-0A31EB84F839}.Debug|Any CPU.Build.0 = Debug|Any CPU
		{82574EB2-0836-443D-A88E-0A31EB84F839}.Release|Any CPU.ActiveCfg = Release|Any CPU
		{82574EB2-0836-443D-A88E-0A31EB84F839}.Release|Any CPU.Build.0 = Release|Any CPU
		{EFBBB351-23B9-47A4-94A9-1B4F85B0C211}.Debug|Any CPU.ActiveCfg = Debug|Any CPU
		{EFBBB351-23B9-47A4-94A9-1B4F85B0C211}.Debug|Any CPU.Build.0 = Debug|Any CPU
		{EFBBB351-23B9-47A4-94A9-1B4F85B0C211}.Release|Any CPU.ActiveCfg = Release|Any CPU
		{EFBBB351-23B9-47A4-94A9-1B4F85B0C211}.Release|Any CPU.Build.0 = Release|Any CPU
		{23B2EF54-1F99-47CD-92C9-B4F09E70EFED}.Debug|Any CPU.ActiveCfg = Debug|Any CPU
		{23B2EF54-1F99-47CD-92C9-B4F09E70EFED}.Debug|Any CPU.Build.0 = Debug|Any CPU
		{23B2EF54-1F99-47CD-92C9-B4F09E70EFED}.Release|Any CPU.ActiveCfg = Release|Any CPU
		{23B2EF54-1F99-47CD-92C9-B4F09E70EFED}.Release|Any CPU.Build.0 = Release|Any CPU
	EndGlobalSection
	GlobalSection(SolutionProperties) = preSolution
		HideSolutionNode = FALSE
	EndGlobalSection
	GlobalSection(ExtensibilityGlobals) = postSolution
		SolutionGuid = {026C26C4-CB56-404F-9807-8550A051424A}
	EndGlobalSection
EndGlobal
